<?xml version="1.0" encoding="utf-8"?>
<Project ToolsVersion="4.0" xmlns="http://schemas.microsoft.com/developer/msbuild/2003">
  <ItemGroup>
    <Filter Include="src">
      <UniqueIdentifier>{075e4ac6-e697-4f9e-a592-99181357a5e7}</UniqueIdentifier>
    </Filter>
    <Filter Include="lib">
      <UniqueIdentifier>{c05cff0c-003b-4a50-9c8f-01c332fefecc}</UniqueIdentifier>
    </Filter>
    <Filter Include="src\game_manager">
      <UniqueIdentifier>{e1380bca-ca7d-4301-8baf-589b2099f0eb}</UniqueIdentifier>
    </Filter>
    <Filter Include="src\entity">
      <UniqueIdentifier>{66006c48-9fb5-4ea6-9c5c-46f6a7f3779d}</UniqueIdentifier>
    </Filter>
    <Filter Include="src\button">
      <UniqueIdentifier>{a8c1c00d-691d-4913-805a-c3acececfbf6}</UniqueIdentifier>
    </Filter>
    <Filter Include="src\scenes">
      <UniqueIdentifier>{45651496-c64f-4c23-8e43-5bb8af9aa938}</UniqueIdentifier>
    </Filter>
    <Filter Include="src\scenes\credits">
      <UniqueIdentifier>{d8779421-00b6-427b-94d8-229563ed0519}</UniqueIdentifier>
    </Filter>
    <Filter Include="src\scenes\gameplay">
      <UniqueIdentifier>{397a1353-f28a-4a20-826e-a60c544df287}</UniqueIdentifier>
    </Filter>
    <Filter Include="src\scenes\main_menu">
      <UniqueIdentifier>{6901d3ec-ba0a-4f0c-b134-b5af12fece48}</UniqueIdentifier>
    </Filter>
    <Filter Include="src\scenes\menu_game_mode">
      <UniqueIdentifier>{36e0915a-ee5f-4f1e-bca0-bba05d6ac6c8}</UniqueIdentifier>
    </Filter>
    <Filter Include="src\scenes\options">
      <UniqueIdentifier>{b1dd8f11-eac7-49f3-a1d6-db97be97a5d7}</UniqueIdentifier>
    </Filter>
    <Filter Include="src\scene_manager">
      <UniqueIdentifier>{9b872baa-c652-4ed2-9343-3235225fd24d}</UniqueIdentifier>
    </Filter>
    <Filter Include="src\fade">
      <UniqueIdentifier>{eb067f86-b219-43d6-ac60-4bfe8864e594}</UniqueIdentifier>
    </Filter>
    <Filter Include="src\dice">
      <UniqueIdentifier>{36b00094-8b55-4810-a9fe-379c4eb5156d}</UniqueIdentifier>
    </Filter>
    <Filter Include="src\annotations">
      <UniqueIdentifier>{9d1ed3ae-1ca1-4b8c-945b-ac17e6379cc1}</UniqueIdentifier>
    </Filter>
    <Filter Include="src\poster">
      <UniqueIdentifier>{a8b4c477-fa24-45fb-9476-1c8ab9521759}</UniqueIdentifier>
    </Filter>
  </ItemGroup>
  <ItemGroup>
    <ClCompile Include="src\main.cpp">
      <Filter>src</Filter>
    </ClCompile>
    <ClCompile Include="src\entity\entity.cpp">
      <Filter>src\entity</Filter>
    </ClCompile>
    <ClCompile Include="src\game_manager\game_manager.cpp">
      <Filter>src\game_manager</Filter>
    </ClCompile>
    <ClCompile Include="src\scenes\main_menu\main_menu.cpp">
      <Filter>src\scenes\main_menu</Filter>
    </ClCompile>
    <ClCompile Include="src\scenes\scene.cpp">
      <Filter>src\scenes</Filter>
    </ClCompile>
    <ClCompile Include="src\scenes\menu_game_mode\menu_game_mode.cpp">
      <Filter>src\scenes\menu_game_mode</Filter>
    </ClCompile>
    <ClCompile Include="src\scenes\credits\credits.cpp">
      <Filter>src\scenes\credits</Filter>
    </ClCompile>
    <ClCompile Include="src\scenes\options\options.cpp">
      <Filter>src\scenes\options</Filter>
    </ClCompile>
    <ClCompile Include="src\scenes\gameplay\gameplay.cpp">
      <Filter>src\scenes\gameplay</Filter>
    </ClCompile>
    <ClCompile Include="src\scene_manager\scene_manager.cpp">
      <Filter>src\scene_manager</Filter>
    </ClCompile>
    <ClCompile Include="src\button\button.cpp">
      <Filter>src\button</Filter>
    </ClCompile>
    <ClCompile Include="src\fade\fade.cpp">
      <Filter>src\fade</Filter>
    </ClCompile>
    <ClCompile Include="src\dice\dice.cpp">
      <Filter>src\dice</Filter>
    </ClCompile>
    <ClCompile Include="src\annotations\annotations.cpp">
      <Filter>src\annotations</Filter>
    </ClCompile>
    <ClCompile Include="src\poster\poster.cpp">
      <Filter>src\poster</Filter>
    </ClCompile>
  </ItemGroup>
  <ItemGroup>
    <ClInclude Include="src\entity\entity.h">
      <Filter>src\entity</Filter>
    </ClInclude>
    <ClInclude Include="src\game_manager\game_manager.h">
      <Filter>src\game_manager</Filter>
    </ClInclude>
    <ClInclude Include="src\scenes\main_menu\main_menu.h">
      <Filter>src\scenes\main_menu</Filter>
    </ClInclude>
    <ClInclude Include="src\scenes\scene.h">
      <Filter>src\scenes</Filter>
    </ClInclude>
    <ClInclude Include="src\scenes\menu_game_mode\menu_game_mode.h">
      <Filter>src\scenes\menu_game_mode</Filter>
    </ClInclude>
    <ClInclude Include="src\scenes\credits\credits.h">
      <Filter>src\scenes\credits</Filter>
    </ClInclude>
    <ClInclude Include="src\scenes\options\options.h">
      <Filter>src\scenes\options</Filter>
    </ClInclude>
    <ClInclude Include="src\scenes\gameplay\gameplay.h">
      <Filter>src\scenes\gameplay</Filter>
    </ClInclude>
    <ClInclude Include="src\scene_manager\scene_manager.h">
      <Filter>src\scene_manager</Filter>
    </ClInclude>
    <ClInclude Include="src\button\button.h">
      <Filter>src\button</Filter>
    </ClInclude>
    <ClInclude Include="src\fade\fade.h">
      <Filter>src\fade</Filter>
    </ClInclude>
    <ClInclude Include="src\dice\dice.h">
      <Filter>src\dice</Filter>
    </ClInclude>
    <ClInclude Include="src\annotations\annotations.h">
      <Filter>src\annotations</Filter>
    </ClInclude>
    <ClInclude Include="src\poster\poster.h">
      <Filter>src\poster</Filter>
    </ClInclude>
  </ItemGroup>
</Project>